
Microsoft Visual Studio Solution File, Format Version 12.00
# Visual Studio Version 16
VisualStudioVersion = 16.0.31911.196
MinimumVisualStudioVersion = 10.0.40219.1
Project("{FAE04EC0-301F-11D3-BF4B-00C04F79EFBC}") = "ChessLibrary", "ChessLibrary\ChessLibrary.csproj", "{5724CBC1-50CF-4BF6-ACB8-159A77CB8019}"
EndProject
Global
	GlobalSection(SolutionConfigurationPlatforms) = preSolution
		Debug|Any CPU = Debug|Any CPU
		Release|Any CPU = Release|Any CPU
	EndGlobalSection
	GlobalSection(ProjectConfigurationPlatforms) = postSolution
		{5724CBC1-50CF-4BF6-ACB8-159A77CB8019}.Debug|Any CPU.ActiveCfg = Debug|Any CPU
		{5724CBC1-50CF-4BF6-ACB8-159A77CB8019}.Debug|Any CPU.Build.0 = Debug|Any CPU
		{5724CBC1-50CF-4BF6-ACB8-159A77CB8019}.Release|Any CPU.ActiveCfg = Release|Any CPU
		{5724CBC1-50CF-4BF6-ACB8-159A77CB8019}.Release|Any CPU.Build.0 = Release|Any CPU
	EndGlobalSection
	GlobalSection(SolutionProperties) = preSolution
		HideSolutionNode = FALSE
	EndGlobalSection
	GlobalSection(ExtensibilityGlobals) = postSolution
		SolutionGuid = {EC274D9A-EDE2-4F11-8604-CC499426ADDC}
	EndGlobalSection
EndGlobal
